
Microsoft Visual Studio Solution File, Format Version 12.00
# Visual Studio 15
VisualStudioVersion = 15.0.28307.329
MinimumVisualStudioVersion = 10.0.40219.1
Project("{FAE04EC0-301F-11D3-BF4B-00C04F79EFBC}") = "PR8^-.-^", "PR8^-.-^\PR8^-.-^.csproj", "{9F461AA0-54E7-48E9-BC8C-14DFA30B4677}"
EndProject
Global
	GlobalSection(SolutionConfigurationPlatforms) = preSolution
		Debug|Any CPU = Debug|Any CPU
		Release|Any CPU = Release|Any CPU
	EndGlobalSection
	GlobalSection(ProjectConfigurationPlatforms) = postSolution
		{9F461AA0-54E7-48E9-BC8C-14DFA30B4677}.Debug|Any CPU.ActiveCfg = Debug|Any CPU
		{9F461AA0-54E7-48E9-BC8C-14DFA30B4677}.Debug|Any CPU.Build.0 = Debug|Any CPU
		{9F461AA0-54E7-48E9-BC8C-14DFA30B4677}.Release|Any CPU.ActiveCfg = Release|Any CPU
		{9F461AA0-54E7-48E9-BC8C-14DFA30B4677}.Release|Any CPU.Build.0 = Release|Any CPU
	EndGlobalSection
	GlobalSection(SolutionProperties) = preSolution
		HideSolutionNode = FALSE
	EndGlobalSection
	GlobalSection(ExtensibilityGlobals) = postSolution
		SolutionGuid = {0A450833-1FF4-4415-8A66-883FBCEED038}
	EndGlobalSection
EndGlobal
