
Microsoft Visual Studio Solution File, Format Version 12.00
# Visual Studio 15
VisualStudioVersion = 15.0.28307.329
MinimumVisualStudioVersion = 10.0.40219.1
Project("{FAE04EC0-301F-11D3-BF4B-00C04F79EFBC}") = "Redactor", "Redactor\Redactor.csproj", "{65AACC96-87F1-4155-8291-B36DDCA5E7DC}"
EndProject
Global
	GlobalSection(SolutionConfigurationPlatforms) = preSolution
		Debug|Any CPU = Debug|Any CPU
		Release|Any CPU = Release|Any CPU
	EndGlobalSection
	GlobalSection(ProjectConfigurationPlatforms) = postSolution
		{65AACC96-87F1-4155-8291-B36DDCA5E7DC}.Debug|Any CPU.ActiveCfg = Debug|Any CPU
		{65AACC96-87F1-4155-8291-B36DDCA5E7DC}.Debug|Any CPU.Build.0 = Debug|Any CPU
		{65AACC96-87F1-4155-8291-B36DDCA5E7DC}.Release|Any CPU.ActiveCfg = Release|Any CPU
		{65AACC96-87F1-4155-8291-B36DDCA5E7DC}.Release|Any CPU.Build.0 = Release|Any CPU
	EndGlobalSection
	GlobalSection(SolutionProperties) = preSolution
		HideSolutionNode = FALSE
	EndGlobalSection
	GlobalSection(ExtensibilityGlobals) = postSolution
		SolutionGuid = {90B0DA0D-8036-45C2-AC13-BBEDB7CA5089}
	EndGlobalSection
EndGlobal
