
Microsoft Visual Studio Solution File, Format Version 12.00
# Visual Studio 15
VisualStudioVersion = 15.0.28307.329
MinimumVisualStudioVersion = 10.0.40219.1
Project("{FAE04EC0-301F-11D3-BF4B-00C04F79EFBC}") = "WindowsFormsApp1", "WindowsFormsApp1\WindowsFormsApp1.csproj", "{BDCFE53F-4807-47BB-BF1B-4C42A7993C3C}"
EndProject
Global
	GlobalSection(SolutionConfigurationPlatforms) = preSolution
		Debug|Any CPU = Debug|Any CPU
		Release|Any CPU = Release|Any CPU
	EndGlobalSection
	GlobalSection(ProjectConfigurationPlatforms) = postSolution
		{BDCFE53F-4807-47BB-BF1B-4C42A7993C3C}.Debug|Any CPU.ActiveCfg = Debug|Any CPU
		{BDCFE53F-4807-47BB-BF1B-4C42A7993C3C}.Debug|Any CPU.Build.0 = Debug|Any CPU
		{BDCFE53F-4807-47BB-BF1B-4C42A7993C3C}.Release|Any CPU.ActiveCfg = Release|Any CPU
		{BDCFE53F-4807-47BB-BF1B-4C42A7993C3C}.Release|Any CPU.Build.0 = Release|Any CPU
	EndGlobalSection
	GlobalSection(SolutionProperties) = preSolution
		HideSolutionNode = FALSE
	EndGlobalSection
	GlobalSection(ExtensibilityGlobals) = postSolution
		SolutionGuid = {0EC918E2-70C6-47F9-A447-DC2DA688C82B}
	EndGlobalSection
EndGlobal
